
Microsoft Visual Studio Solution File, Format Version 12.00
# Visual Studio Version 16
VisualStudioVersion = 16.0.29806.167
MinimumVisualStudioVersion = 10.0.40219.1
Project("{2150E333-8FDC-42A3-9474-1A3956D46DE8}") = "modules", "modules", "{93E2F780-BC18-4066-95E1-760581C9F55E}"
EndProject
Project("{2150E333-8FDC-42A3-9474-1A3956D46DE8}") = "module.fluitec.appfx.options", "module.fluitec.appfx.options", "{E167AEA1-1F09-4AB8-866E-50A1E9391A88}"
EndProject
Project("{2150E333-8FDC-42A3-9474-1A3956D46DE8}") = "module.fluitec.appfx.data", "module.fluitec.appfx.data", "{47EF2A62-8580-4481-AFBC-30EE697D9C84}"
EndProject
Project("{9A19103F-16F7-4668-BE54-9A1E7A4F7556}") = "FluiTec.AppFx.Options", "..\fluitec.appfx.options\src\FluiTec.AppFx.Options\FluiTec.AppFx.Options.csproj", "{7B211402-843F-4827-85F9-F2AB10DC68F2}"
EndProject
Project("{9A19103F-16F7-4668-BE54-9A1E7A4F7556}") = "FluiTec.AppFx.Data", "..\fluitec.appfx.data\src\FluiTec.AppFx.Data\FluiTec.AppFx.Data.csproj", "{054B4896-BDDF-4F46-9C62-7D564EE69143}"
EndProject
Project("{9A19103F-16F7-4668-BE54-9A1E7A4F7556}") = "FluiTec.AppFx.Data.Dapper", "..\fluitec.appfx.data\src\FluiTec.AppFx.Data.Dapper\FluiTec.AppFx.Data.Dapper.csproj", "{E2509A1C-B7BF-475F-8716-6D757A545A24}"
EndProject
Project("{9A19103F-16F7-4668-BE54-9A1E7A4F7556}") = "FluiTec.AppFx.Data.Dapper.Mssql", "..\fluitec.appfx.data\src\FluiTec.AppFx.Data.Dapper.Mssql\FluiTec.AppFx.Data.Dapper.Mssql.csproj", "{A10E5184-172D-4123-82D2-8F3E37BE5B3F}"
EndProject
Project("{9A19103F-16F7-4668-BE54-9A1E7A4F7556}") = "FluiTec.AppFx.Data.Dapper.Mysql", "..\fluitec.appfx.data\src\FluiTec.AppFx.Data.Dapper.Mysql\FluiTec.AppFx.Data.Dapper.Mysql.csproj", "{0C3F638B-3FA0-49A4-8891-458418E34698}"
EndProject
Project("{9A19103F-16F7-4668-BE54-9A1E7A4F7556}") = "FluiTec.AppFx.Data.Dapper.Pgsql", "..\fluitec.appfx.data\src\FluiTec.AppFx.Data.Dapper.Pgsql\FluiTec.AppFx.Data.Dapper.Pgsql.csproj", "{06D877BF-689D-4FF3-ACD9-5A9999A89D60}"
EndProject
Project("{9A19103F-16F7-4668-BE54-9A1E7A4F7556}") = "FluiTec.AppFx.Data.Dapper.SqLite", "..\fluitec.appfx.data\src\FluiTec.AppFx.Data.Dapper.SqLite\FluiTec.AppFx.Data.Dapper.SqLite.csproj", "{1EB116D4-F664-4A82-ACD2-E40132E9652D}"
EndProject
Project("{9A19103F-16F7-4668-BE54-9A1E7A4F7556}") = "FluiTec.AppFx.Data.Dynamic", "..\fluitec.appfx.data\src\FluiTec.AppFx.Data.Dynamic\FluiTec.AppFx.Data.Dynamic.csproj", "{E6BF4F48-9C9D-47C4-A4BB-1BA1BEDCC19C}"
EndProject
Project("{9A19103F-16F7-4668-BE54-9A1E7A4F7556}") = "FluiTec.AppFx.Data.LiteDb", "..\fluitec.appfx.data\src\FluiTec.AppFx.Data.LiteDb\FluiTec.AppFx.Data.LiteDb.csproj", "{15B5596C-3768-4676-B061-B6471BB4B11C}"
EndProject
Project("{9A19103F-16F7-4668-BE54-9A1E7A4F7556}") = "FluiTec.AppFx.Data.Sql", "..\fluitec.appfx.data\src\FluiTec.AppFx.Data.Sql\FluiTec.AppFx.Data.Sql.csproj", "{EE29E67F-95FB-4DD9-9BD0-5DAB251831A5}"
EndProject
Project("{2150E333-8FDC-42A3-9474-1A3956D46DE8}") = "Solution Items", "Solution Items", "{D396EDB8-3EBE-4F9D-A484-3BDAB32829BD}"
	ProjectSection(SolutionItems) = preProject
		..\.gitignore = ..\.gitignore
		..\.gitlab-ci.yml = ..\.gitlab-ci.yml
		..\.gitmodules = ..\.gitmodules
		..\appsettings.integration.json = ..\appsettings.integration.json
		..\appsettings.integration.secret.json = ..\appsettings.integration.secret.json
		..\LICENSE.md = ..\LICENSE.md
		..\README.md = ..\README.md
		..\THIRD_PARTY_LICENSES.md = ..\THIRD_PARTY_LICENSES.md
	EndProjectSection
EndProject
Project("{2150E333-8FDC-42A3-9474-1A3956D46DE8}") = "samples", "samples", "{D8DEFEBD-27F8-4322-A545-F53008E02249}"
EndProject
Project("{2150E333-8FDC-42A3-9474-1A3956D46DE8}") = "tests", "tests", "{80D04682-FCF3-4A72-86C1-566BF121D7E0}"
EndProject
Project("{9A19103F-16F7-4668-BE54-9A1E7A4F7556}") = "FluiTec.AppFx.Localization", "FluiTec.AppFx.Localization\FluiTec.AppFx.Localization.csproj", "{975BD830-876B-40C4-971E-FE253D3666B6}"
EndProject
Project("{9A19103F-16F7-4668-BE54-9A1E7A4F7556}") = "FluiTec.AppFx.Localization.Dapper", "FluiTec.AppFx.Localization.Dapper\FluiTec.AppFx.Localization.Dapper.csproj", "{E0AAD781-E242-4A8D-8C9A-7D549A48B0A7}"
EndProject
Project("{9A19103F-16F7-4668-BE54-9A1E7A4F7556}") = "FluiTec.AppFx.Localization.Dynamic", "FluiTec.AppFx.Localization.Dynamic\FluiTec.AppFx.Localization.Dynamic.csproj", "{4555D187-D162-4196-A8BD-670F5E87AF36}"
EndProject
Project("{9A19103F-16F7-4668-BE54-9A1E7A4F7556}") = "FluiTec.AppFx.Localization.LiteDb", "FluiTec.AppFx.Localization.LiteDb\FluiTec.AppFx.Localization.LiteDb.csproj", "{C8E09DB2-1D59-43FA-96B3-88F18E94D700}"
EndProject
Project("{9A19103F-16F7-4668-BE54-9A1E7A4F7556}") = "FluiTec.AppFx.Localization.Dapper.Mssql", "FluiTec.AppFx.Localization.Dapper.Mssql\FluiTec.AppFx.Localization.Dapper.Mssql.csproj", "{93C5D572-1D59-4731-9788-0B6CDEA391F6}"
EndProject
Project("{9A19103F-16F7-4668-BE54-9A1E7A4F7556}") = "FluiTec.AppFx.Localization.Dapper.Mysql", "FluiTec.AppFx.Localization.Dapper.Mysql\FluiTec.AppFx.Localization.Dapper.Mysql.csproj", "{97B2C066-B28D-4695-A9AB-0263D76C7F8A}"
EndProject
Project("{9A19103F-16F7-4668-BE54-9A1E7A4F7556}") = "FluiTec.AppFx.Localization.Dapper.Pgsql", "FluiTec.AppFx.Localization.Dapper.Pgsql\FluiTec.AppFx.Localization.Dapper.Pgsql.csproj", "{C48D13A9-2D36-4206-AFE3-1FD45E36131D}"
EndProject
Project("{9A19103F-16F7-4668-BE54-9A1E7A4F7556}") = "FluiTec.AppFx.Localization.Dapper.Sqlite", "FluiTec.AppFx.Localization.Dapper.Sqlite\FluiTec.AppFx.Localization.Dapper.Sqlite.csproj", "{8749A197-90F1-4047-9274-17752AB3A2C3}"
EndProject
Project("{2150E333-8FDC-42A3-9474-1A3956D46DE8}") = "samples", "samples", "{356A780C-19A4-4181-B03A-732D99B6CEE7}"
EndProject
Project("{9A19103F-16F7-4668-BE54-9A1E7A4F7556}") = "DynamicSample", "..\fluitec.appfx.data\src\samples\DynamicSample\DynamicSample.csproj", "{67EFF9D0-55EC-4E83-B407-3E9DFC1D55FC}"
EndProject
Project("{2150E333-8FDC-42A3-9474-1A3956D46DE8}") = "module.fluitec.appfx.console", "module.fluitec.appfx.console", "{2C79F201-A5C2-4521-AB65-8BFED07733DC}"
EndProject
Project("{9A19103F-16F7-4668-BE54-9A1E7A4F7556}") = "FluiTec.AppFx.Console", "..\fluitec.appfx.console\src\FluiTec.AppFx.Console\FluiTec.AppFx.Console.csproj", "{363AF07B-B6E3-4F61-9CD0-A3E156B9FA66}"
EndProject
Project("{2150E333-8FDC-42A3-9474-1A3956D46DE8}") = "UnitTests", "UnitTests", "{67331EEC-4589-4406-9C78-E2A86EB18031}"
EndProject
Project("{2150E333-8FDC-42A3-9474-1A3956D46DE8}") = "IntegrationTests", "IntegrationTests", "{76504816-34EA-4105-801E-03D5AC776F85}"
EndProject
Project("{9A19103F-16F7-4668-BE54-9A1E7A4F7556}") = "FluiTec.AppFx.Localization.TestLibrary", "tests\FluiTec.AppFx.Localization.TestLibrary\FluiTec.AppFx.Localization.TestLibrary.csproj", "{07C4259D-C267-4E22-88FC-12DFAF8FF807}"
EndProject
Project("{9A19103F-16F7-4668-BE54-9A1E7A4F7556}") = "FluiTec.AppFx.Localization.Tests", "tests\unittests\FluiTec.AppFx.Localization.Tests\FluiTec.AppFx.Localization.Tests.csproj", "{890C89A8-117F-4D3F-95A2-736524A61668}"
EndProject
Project("{9A19103F-16F7-4668-BE54-9A1E7A4F7556}") = "FluiTec.AppFx.Localization.Dapper.Mssql.IntegrationTests", "tests\integrationtests\FluiTec.AppFx.Localization.Dapper.Mssql.IntegrationTests\FluiTec.AppFx.Localization.Dapper.Mssql.IntegrationTests.csproj", "{609D90DF-9FE7-4C19-8554-EFBCA25AA58D}"
EndProject
Project("{9A19103F-16F7-4668-BE54-9A1E7A4F7556}") = "FluiTec.AppFx.Localization.NMemory.IntegrationTests", "tests\integrationtests\FluiTec.AppFx.Localization.NMemory.IntegrationTests\FluiTec.AppFx.Localization.NMemory.IntegrationTests.csproj", "{3730ED5B-7D81-47C7-9139-BD768505AD66}"
EndProject
Project("{9A19103F-16F7-4668-BE54-9A1E7A4F7556}") = "FluiTec.AppFx.Localization.NMemory", "FluiTec.AppFx.Localization.NMemory\FluiTec.AppFx.Localization.NMemory.csproj", "{8362C8D5-BE80-4940-8FE4-5B7763248AA2}"
EndProject
Project("{9A19103F-16F7-4668-BE54-9A1E7A4F7556}") = "FluiTec.AppFx.Data.NMemory", "..\fluitec.appfx.data\src\FluiTec.AppFx.Data.NMemory\FluiTec.AppFx.Data.NMemory.csproj", "{9BB2D07E-06F7-419B-B239-CDC346E5497F}"
EndProject
Project("{9A19103F-16F7-4668-BE54-9A1E7A4F7556}") = "FluiTec.AppFx.Data.TestLibrary", "..\fluitec.appfx.data\src\tests\FluiTec.AppFx.Data.TestLibrary\FluiTec.AppFx.Data.TestLibrary.csproj", "{EB51B2AC-F4B6-4CCD-8612-C134AF88C40E}"
EndProject
Project("{9A19103F-16F7-4668-BE54-9A1E7A4F7556}") = "FluiTec.AppFx.Localization.Dapper.Pgsql.IntegrationTests", "tests\integrationtests\FluiTec.AppFx.Localization.Dapper.Pgsql.IntegrationTests\FluiTec.AppFx.Localization.Dapper.Pgsql.IntegrationTests.csproj", "{53EBC71F-6B42-40FE-BB3D-426310513B53}"
EndProject
Project("{9A19103F-16F7-4668-BE54-9A1E7A4F7556}") = "FluiTec.AppFx.Localization.Dapper.Mysql.IntegrationTests", "tests\integrationtests\FluiTec.AppFx.Localization.Dapper.Mysql.IntegrationTests\FluiTec.AppFx.Localization.Dapper.Mysql.IntegrationTests.csproj", "{D2E5E50A-545E-4EFF-8392-67766DFFDA6B}"
EndProject
Project("{9A19103F-16F7-4668-BE54-9A1E7A4F7556}") = "FluiTec.AppFx.Localization.Dapper.Sqlite.IntegrationTests", "tests\integrationtests\FluiTec.AppFx.Localization.Dapper.Sqlite.IntegrationTests\FluiTec.AppFx.Localization.Dapper.Sqlite.IntegrationTests.csproj", "{5A5A6298-D500-4B9D-9DE1-99A9AC0B505F}"
EndProject
Project("{9A19103F-16F7-4668-BE54-9A1E7A4F7556}") = "FluiTec.AppFx.Localization.LiteDb.IntegrationTests", "tests\integrationtests\FluiTec.AppFx.Localization.LiteDb.IntegrationTests\FluiTec.AppFx.Localization.LiteDb.IntegrationTests.csproj", "{1CF9E70F-7DB9-4E5A-B5E5-A143F094A2B5}"
EndProject
Global
	GlobalSection(SolutionConfigurationPlatforms) = preSolution
		Debug|Any CPU = Debug|Any CPU
		Release|Any CPU = Release|Any CPU
	EndGlobalSection
	GlobalSection(ProjectConfigurationPlatforms) = postSolution
		{7B211402-843F-4827-85F9-F2AB10DC68F2}.Debug|Any CPU.ActiveCfg = Debug|Any CPU
		{7B211402-843F-4827-85F9-F2AB10DC68F2}.Debug|Any CPU.Build.0 = Debug|Any CPU
		{7B211402-843F-4827-85F9-F2AB10DC68F2}.Release|Any CPU.ActiveCfg = Release|Any CPU
		{7B211402-843F-4827-85F9-F2AB10DC68F2}.Release|Any CPU.Build.0 = Release|Any CPU
		{054B4896-BDDF-4F46-9C62-7D564EE69143}.Debug|Any CPU.ActiveCfg = Debug|Any CPU
		{054B4896-BDDF-4F46-9C62-7D564EE69143}.Debug|Any CPU.Build.0 = Debug|Any CPU
		{054B4896-BDDF-4F46-9C62-7D564EE69143}.Release|Any CPU.ActiveCfg = Release|Any CPU
		{054B4896-BDDF-4F46-9C62-7D564EE69143}.Release|Any CPU.Build.0 = Release|Any CPU
		{E2509A1C-B7BF-475F-8716-6D757A545A24}.Debug|Any CPU.ActiveCfg = Debug|Any CPU
		{E2509A1C-B7BF-475F-8716-6D757A545A24}.Debug|Any CPU.Build.0 = Debug|Any CPU
		{E2509A1C-B7BF-475F-8716-6D757A545A24}.Release|Any CPU.ActiveCfg = Release|Any CPU
		{E2509A1C-B7BF-475F-8716-6D757A545A24}.Release|Any CPU.Build.0 = Release|Any CPU
		{A10E5184-172D-4123-82D2-8F3E37BE5B3F}.Debug|Any CPU.ActiveCfg = Debug|Any CPU
		{A10E5184-172D-4123-82D2-8F3E37BE5B3F}.Debug|Any CPU.Build.0 = Debug|Any CPU
		{A10E5184-172D-4123-82D2-8F3E37BE5B3F}.Release|Any CPU.ActiveCfg = Release|Any CPU
		{A10E5184-172D-4123-82D2-8F3E37BE5B3F}.Release|Any CPU.Build.0 = Release|Any CPU
		{0C3F638B-3FA0-49A4-8891-458418E34698}.Debug|Any CPU.ActiveCfg = Debug|Any CPU
		{0C3F638B-3FA0-49A4-8891-458418E34698}.Debug|Any CPU.Build.0 = Debug|Any CPU
		{0C3F638B-3FA0-49A4-8891-458418E34698}.Release|Any CPU.ActiveCfg = Release|Any CPU
		{0C3F638B-3FA0-49A4-8891-458418E34698}.Release|Any CPU.Build.0 = Release|Any CPU
		{06D877BF-689D-4FF3-ACD9-5A9999A89D60}.Debug|Any CPU.ActiveCfg = Debug|Any CPU
		{06D877BF-689D-4FF3-ACD9-5A9999A89D60}.Debug|Any CPU.Build.0 = Debug|Any CPU
		{06D877BF-689D-4FF3-ACD9-5A9999A89D60}.Release|Any CPU.ActiveCfg = Release|Any CPU
		{06D877BF-689D-4FF3-ACD9-5A9999A89D60}.Release|Any CPU.Build.0 = Release|Any CPU
		{1EB116D4-F664-4A82-ACD2-E40132E9652D}.Debug|Any CPU.ActiveCfg = Debug|Any CPU
		{1EB116D4-F664-4A82-ACD2-E40132E9652D}.Debug|Any CPU.Build.0 = Debug|Any CPU
		{1EB116D4-F664-4A82-ACD2-E40132E9652D}.Release|Any CPU.ActiveCfg = Release|Any CPU
		{1EB116D4-F664-4A82-ACD2-E40132E9652D}.Release|Any CPU.Build.0 = Release|Any CPU
		{E6BF4F48-9C9D-47C4-A4BB-1BA1BEDCC19C}.Debug|Any CPU.ActiveCfg = Debug|Any CPU
		{E6BF4F48-9C9D-47C4-A4BB-1BA1BEDCC19C}.Debug|Any CPU.Build.0 = Debug|Any CPU
		{E6BF4F48-9C9D-47C4-A4BB-1BA1BEDCC19C}.Release|Any CPU.ActiveCfg = Release|Any CPU
		{E6BF4F48-9C9D-47C4-A4BB-1BA1BEDCC19C}.Release|Any CPU.Build.0 = Release|Any CPU
		{15B5596C-3768-4676-B061-B6471BB4B11C}.Debug|Any CPU.ActiveCfg = Debug|Any CPU
		{15B5596C-3768-4676-B061-B6471BB4B11C}.Debug|Any CPU.Build.0 = Debug|Any CPU
		{15B5596C-3768-4676-B061-B6471BB4B11C}.Release|Any CPU.ActiveCfg = Release|Any CPU
		{15B5596C-3768-4676-B061-B6471BB4B11C}.Release|Any CPU.Build.0 = Release|Any CPU
		{EE29E67F-95FB-4DD9-9BD0-5DAB251831A5}.Debug|Any CPU.ActiveCfg = Debug|Any CPU
		{EE29E67F-95FB-4DD9-9BD0-5DAB251831A5}.Debug|Any CPU.Build.0 = Debug|Any CPU
		{EE29E67F-95FB-4DD9-9BD0-5DAB251831A5}.Release|Any CPU.ActiveCfg = Release|Any CPU
		{EE29E67F-95FB-4DD9-9BD0-5DAB251831A5}.Release|Any CPU.Build.0 = Release|Any CPU
		{975BD830-876B-40C4-971E-FE253D3666B6}.Debug|Any CPU.ActiveCfg = Debug|Any CPU
		{975BD830-876B-40C4-971E-FE253D3666B6}.Debug|Any CPU.Build.0 = Debug|Any CPU
		{975BD830-876B-40C4-971E-FE253D3666B6}.Release|Any CPU.ActiveCfg = Release|Any CPU
		{975BD830-876B-40C4-971E-FE253D3666B6}.Release|Any CPU.Build.0 = Release|Any CPU
		{E0AAD781-E242-4A8D-8C9A-7D549A48B0A7}.Debug|Any CPU.ActiveCfg = Debug|Any CPU
		{E0AAD781-E242-4A8D-8C9A-7D549A48B0A7}.Debug|Any CPU.Build.0 = Debug|Any CPU
		{E0AAD781-E242-4A8D-8C9A-7D549A48B0A7}.Release|Any CPU.ActiveCfg = Release|Any CPU
		{E0AAD781-E242-4A8D-8C9A-7D549A48B0A7}.Release|Any CPU.Build.0 = Release|Any CPU
		{4555D187-D162-4196-A8BD-670F5E87AF36}.Debug|Any CPU.ActiveCfg = Debug|Any CPU
		{4555D187-D162-4196-A8BD-670F5E87AF36}.Debug|Any CPU.Build.0 = Debug|Any CPU
		{4555D187-D162-4196-A8BD-670F5E87AF36}.Release|Any CPU.ActiveCfg = Release|Any CPU
		{4555D187-D162-4196-A8BD-670F5E87AF36}.Release|Any CPU.Build.0 = Release|Any CPU
		{C8E09DB2-1D59-43FA-96B3-88F18E94D700}.Debug|Any CPU.ActiveCfg = Debug|Any CPU
		{C8E09DB2-1D59-43FA-96B3-88F18E94D700}.Debug|Any CPU.Build.0 = Debug|Any CPU
		{C8E09DB2-1D59-43FA-96B3-88F18E94D700}.Release|Any CPU.ActiveCfg = Release|Any CPU
		{C8E09DB2-1D59-43FA-96B3-88F18E94D700}.Release|Any CPU.Build.0 = Release|Any CPU
		{93C5D572-1D59-4731-9788-0B6CDEA391F6}.Debug|Any CPU.ActiveCfg = Debug|Any CPU
		{93C5D572-1D59-4731-9788-0B6CDEA391F6}.Debug|Any CPU.Build.0 = Debug|Any CPU
		{93C5D572-1D59-4731-9788-0B6CDEA391F6}.Release|Any CPU.ActiveCfg = Release|Any CPU
		{93C5D572-1D59-4731-9788-0B6CDEA391F6}.Release|Any CPU.Build.0 = Release|Any CPU
		{97B2C066-B28D-4695-A9AB-0263D76C7F8A}.Debug|Any CPU.ActiveCfg = Debug|Any CPU
		{97B2C066-B28D-4695-A9AB-0263D76C7F8A}.Debug|Any CPU.Build.0 = Debug|Any CPU
		{97B2C066-B28D-4695-A9AB-0263D76C7F8A}.Release|Any CPU.ActiveCfg = Release|Any CPU
		{97B2C066-B28D-4695-A9AB-0263D76C7F8A}.Release|Any CPU.Build.0 = Release|Any CPU
		{C48D13A9-2D36-4206-AFE3-1FD45E36131D}.Debug|Any CPU.ActiveCfg = Debug|Any CPU
		{C48D13A9-2D36-4206-AFE3-1FD45E36131D}.Debug|Any CPU.Build.0 = Debug|Any CPU
		{C48D13A9-2D36-4206-AFE3-1FD45E36131D}.Release|Any CPU.ActiveCfg = Release|Any CPU
		{C48D13A9-2D36-4206-AFE3-1FD45E36131D}.Release|Any CPU.Build.0 = Release|Any CPU
		{8749A197-90F1-4047-9274-17752AB3A2C3}.Debug|Any CPU.ActiveCfg = Debug|Any CPU
		{8749A197-90F1-4047-9274-17752AB3A2C3}.Debug|Any CPU.Build.0 = Debug|Any CPU
		{8749A197-90F1-4047-9274-17752AB3A2C3}.Release|Any CPU.ActiveCfg = Release|Any CPU
		{8749A197-90F1-4047-9274-17752AB3A2C3}.Release|Any CPU.Build.0 = Release|Any CPU
		{67EFF9D0-55EC-4E83-B407-3E9DFC1D55FC}.Debug|Any CPU.ActiveCfg = Debug|Any CPU
		{67EFF9D0-55EC-4E83-B407-3E9DFC1D55FC}.Debug|Any CPU.Build.0 = Debug|Any CPU
		{67EFF9D0-55EC-4E83-B407-3E9DFC1D55FC}.Release|Any CPU.ActiveCfg = Release|Any CPU
		{67EFF9D0-55EC-4E83-B407-3E9DFC1D55FC}.Release|Any CPU.Build.0 = Release|Any CPU
		{363AF07B-B6E3-4F61-9CD0-A3E156B9FA66}.Debug|Any CPU.ActiveCfg = Debug|Any CPU
		{363AF07B-B6E3-4F61-9CD0-A3E156B9FA66}.Debug|Any CPU.Build.0 = Debug|Any CPU
		{363AF07B-B6E3-4F61-9CD0-A3E156B9FA66}.Release|Any CPU.ActiveCfg = Release|Any CPU
		{363AF07B-B6E3-4F61-9CD0-A3E156B9FA66}.Release|Any CPU.Build.0 = Release|Any CPU
		{07C4259D-C267-4E22-88FC-12DFAF8FF807}.Debug|Any CPU.ActiveCfg = Debug|Any CPU
		{07C4259D-C267-4E22-88FC-12DFAF8FF807}.Debug|Any CPU.Build.0 = Debug|Any CPU
		{07C4259D-C267-4E22-88FC-12DFAF8FF807}.Release|Any CPU.ActiveCfg = Release|Any CPU
		{07C4259D-C267-4E22-88FC-12DFAF8FF807}.Release|Any CPU.Build.0 = Release|Any CPU
		{890C89A8-117F-4D3F-95A2-736524A61668}.Debug|Any CPU.ActiveCfg = Debug|Any CPU
		{890C89A8-117F-4D3F-95A2-736524A61668}.Debug|Any CPU.Build.0 = Debug|Any CPU
		{890C89A8-117F-4D3F-95A2-736524A61668}.Release|Any CPU.ActiveCfg = Release|Any CPU
		{890C89A8-117F-4D3F-95A2-736524A61668}.Release|Any CPU.Build.0 = Release|Any CPU
		{609D90DF-9FE7-4C19-8554-EFBCA25AA58D}.Debug|Any CPU.ActiveCfg = Debug|Any CPU
		{609D90DF-9FE7-4C19-8554-EFBCA25AA58D}.Debug|Any CPU.Build.0 = Debug|Any CPU
		{609D90DF-9FE7-4C19-8554-EFBCA25AA58D}.Release|Any CPU.ActiveCfg = Release|Any CPU
		{609D90DF-9FE7-4C19-8554-EFBCA25AA58D}.Release|Any CPU.Build.0 = Release|Any CPU
		{3730ED5B-7D81-47C7-9139-BD768505AD66}.Debug|Any CPU.ActiveCfg = Debug|Any CPU
		{3730ED5B-7D81-47C7-9139-BD768505AD66}.Debug|Any CPU.Build.0 = Debug|Any CPU
		{3730ED5B-7D81-47C7-9139-BD768505AD66}.Release|Any CPU.ActiveCfg = Release|Any CPU
		{3730ED5B-7D81-47C7-9139-BD768505AD66}.Release|Any CPU.Build.0 = Release|Any CPU
		{8362C8D5-BE80-4940-8FE4-5B7763248AA2}.Debug|Any CPU.ActiveCfg = Debug|Any CPU
		{8362C8D5-BE80-4940-8FE4-5B7763248AA2}.Debug|Any CPU.Build.0 = Debug|Any CPU
		{8362C8D5-BE80-4940-8FE4-5B7763248AA2}.Release|Any CPU.ActiveCfg = Release|Any CPU
		{8362C8D5-BE80-4940-8FE4-5B7763248AA2}.Release|Any CPU.Build.0 = Release|Any CPU
		{9BB2D07E-06F7-419B-B239-CDC346E5497F}.Debug|Any CPU.ActiveCfg = Debug|Any CPU
		{9BB2D07E-06F7-419B-B239-CDC346E5497F}.Debug|Any CPU.Build.0 = Debug|Any CPU
		{9BB2D07E-06F7-419B-B239-CDC346E5497F}.Release|Any CPU.ActiveCfg = Release|Any CPU
		{9BB2D07E-06F7-419B-B239-CDC346E5497F}.Release|Any CPU.Build.0 = Release|Any CPU
		{EB51B2AC-F4B6-4CCD-8612-C134AF88C40E}.Debug|Any CPU.ActiveCfg = Debug|Any CPU
		{EB51B2AC-F4B6-4CCD-8612-C134AF88C40E}.Debug|Any CPU.Build.0 = Debug|Any CPU
		{EB51B2AC-F4B6-4CCD-8612-C134AF88C40E}.Release|Any CPU.ActiveCfg = Release|Any CPU
		{EB51B2AC-F4B6-4CCD-8612-C134AF88C40E}.Release|Any CPU.Build.0 = Release|Any CPU
		{53EBC71F-6B42-40FE-BB3D-426310513B53}.Debug|Any CPU.ActiveCfg = Debug|Any CPU
		{53EBC71F-6B42-40FE-BB3D-426310513B53}.Debug|Any CPU.Build.0 = Debug|Any CPU
		{53EBC71F-6B42-40FE-BB3D-426310513B53}.Release|Any CPU.ActiveCfg = Release|Any CPU
		{53EBC71F-6B42-40FE-BB3D-426310513B53}.Release|Any CPU.Build.0 = Release|Any CPU
		{D2E5E50A-545E-4EFF-8392-67766DFFDA6B}.Debug|Any CPU.ActiveCfg = Debug|Any CPU
		{D2E5E50A-545E-4EFF-8392-67766DFFDA6B}.Debug|Any CPU.Build.0 = Debug|Any CPU
		{D2E5E50A-545E-4EFF-8392-67766DFFDA6B}.Release|Any CPU.ActiveCfg = Release|Any CPU
		{D2E5E50A-545E-4EFF-8392-67766DFFDA6B}.Release|Any CPU.Build.0 = Release|Any CPU
		{5A5A6298-D500-4B9D-9DE1-99A9AC0B505F}.Debug|Any CPU.ActiveCfg = Debug|Any CPU
		{5A5A6298-D500-4B9D-9DE1-99A9AC0B505F}.Debug|Any CPU.Build.0 = Debug|Any CPU
		{5A5A6298-D500-4B9D-9DE1-99A9AC0B505F}.Release|Any CPU.ActiveCfg = Release|Any CPU
		{5A5A6298-D500-4B9D-9DE1-99A9AC0B505F}.Release|Any CPU.Build.0 = Release|Any CPU
		{1CF9E70F-7DB9-4E5A-B5E5-A143F094A2B5}.Debug|Any CPU.ActiveCfg = Debug|Any CPU
		{1CF9E70F-7DB9-4E5A-B5E5-A143F094A2B5}.Debug|Any CPU.Build.0 = Debug|Any CPU
		{1CF9E70F-7DB9-4E5A-B5E5-A143F094A2B5}.Release|Any CPU.ActiveCfg = Release|Any CPU
		{1CF9E70F-7DB9-4E5A-B5E5-A143F094A2B5}.Release|Any CPU.Build.0 = Release|Any CPU
	EndGlobalSection
	GlobalSection(SolutionProperties) = preSolution
		HideSolutionNode = FALSE
	EndGlobalSection
	GlobalSection(NestedProjects) = preSolution
		{E167AEA1-1F09-4AB8-866E-50A1E9391A88} = {93E2F780-BC18-4066-95E1-760581C9F55E}
		{47EF2A62-8580-4481-AFBC-30EE697D9C84} = {93E2F780-BC18-4066-95E1-760581C9F55E}
		{7B211402-843F-4827-85F9-F2AB10DC68F2} = {E167AEA1-1F09-4AB8-866E-50A1E9391A88}
		{054B4896-BDDF-4F46-9C62-7D564EE69143} = {47EF2A62-8580-4481-AFBC-30EE697D9C84}
		{E2509A1C-B7BF-475F-8716-6D757A545A24} = {47EF2A62-8580-4481-AFBC-30EE697D9C84}
		{A10E5184-172D-4123-82D2-8F3E37BE5B3F} = {47EF2A62-8580-4481-AFBC-30EE697D9C84}
		{0C3F638B-3FA0-49A4-8891-458418E34698} = {47EF2A62-8580-4481-AFBC-30EE697D9C84}
		{06D877BF-689D-4FF3-ACD9-5A9999A89D60} = {47EF2A62-8580-4481-AFBC-30EE697D9C84}
		{1EB116D4-F664-4A82-ACD2-E40132E9652D} = {47EF2A62-8580-4481-AFBC-30EE697D9C84}
		{E6BF4F48-9C9D-47C4-A4BB-1BA1BEDCC19C} = {47EF2A62-8580-4481-AFBC-30EE697D9C84}
		{15B5596C-3768-4676-B061-B6471BB4B11C} = {47EF2A62-8580-4481-AFBC-30EE697D9C84}
		{EE29E67F-95FB-4DD9-9BD0-5DAB251831A5} = {47EF2A62-8580-4481-AFBC-30EE697D9C84}
		{356A780C-19A4-4181-B03A-732D99B6CEE7} = {47EF2A62-8580-4481-AFBC-30EE697D9C84}
		{67EFF9D0-55EC-4E83-B407-3E9DFC1D55FC} = {356A780C-19A4-4181-B03A-732D99B6CEE7}
		{2C79F201-A5C2-4521-AB65-8BFED07733DC} = {93E2F780-BC18-4066-95E1-760581C9F55E}
		{363AF07B-B6E3-4F61-9CD0-A3E156B9FA66} = {2C79F201-A5C2-4521-AB65-8BFED07733DC}
		{67331EEC-4589-4406-9C78-E2A86EB18031} = {80D04682-FCF3-4A72-86C1-566BF121D7E0}
		{76504816-34EA-4105-801E-03D5AC776F85} = {80D04682-FCF3-4A72-86C1-566BF121D7E0}
		{07C4259D-C267-4E22-88FC-12DFAF8FF807} = {80D04682-FCF3-4A72-86C1-566BF121D7E0}
		{890C89A8-117F-4D3F-95A2-736524A61668} = {67331EEC-4589-4406-9C78-E2A86EB18031}
		{609D90DF-9FE7-4C19-8554-EFBCA25AA58D} = {76504816-34EA-4105-801E-03D5AC776F85}
		{3730ED5B-7D81-47C7-9139-BD768505AD66} = {76504816-34EA-4105-801E-03D5AC776F85}
		{9BB2D07E-06F7-419B-B239-CDC346E5497F} = {47EF2A62-8580-4481-AFBC-30EE697D9C84}
		{EB51B2AC-F4B6-4CCD-8612-C134AF88C40E} = {47EF2A62-8580-4481-AFBC-30EE697D9C84}
		{53EBC71F-6B42-40FE-BB3D-426310513B53} = {76504816-34EA-4105-801E-03D5AC776F85}
		{D2E5E50A-545E-4EFF-8392-67766DFFDA6B} = {76504816-34EA-4105-801E-03D5AC776F85}
		{5A5A6298-D500-4B9D-9DE1-99A9AC0B505F} = {76504816-34EA-4105-801E-03D5AC776F85}
		{1CF9E70F-7DB9-4E5A-B5E5-A143F094A2B5} = {76504816-34EA-4105-801E-03D5AC776F85}
	EndGlobalSection
	GlobalSection(ExtensibilityGlobals) = postSolution
		SolutionGuid = {8A753A15-6AF0-46FB-8836-048F64C384D6}
	EndGlobalSection
EndGlobal
